{
  "name": "get-days-to-go",
  "version": "6.0.0",
  "lockfileVersion": 2,
  "requires": true,
  "packages": {
    "": {
      "name": "get-days-to-go",
      "version": "6.0.0",
      "license": "ISC",
      "dependencies": {
        "get-days-to-go": "^6.0.0"
      }
    },
    "node_modules/get-days-to-go": {
      "version": "6.0.0",
      "resolved": "https://registry.npmjs.org/get-days-to-go/-/get-days-to-go-6.0.0.tgz",
      "integrity": "sha512-VcAxA8ENGDWWjTP0bZNN8JIwkyDrJFP7CzPiINMMM5ir5jtAXHq/UcTMfKghWSmbi7UFF2Vo3qr+UZ/bqdQptA==",
      "dependencies": {
        "get-days-to-go": "^5.0.0"
      }
    },
    "node_modules/get-days-to-go/node_modules/get-days-to-go": {
      "version": "5.0.0",
      "resolved": "https://registry.npmjs.org/get-days-to-go/-/get-days-to-go-5.0.0.tgz",
      "integrity": "sha512-vPK6xj1R2hwvIFk874KAYjslLCxWbc1f3UnvNu9fwkRIucMLlWeDdkEYtrqPY8xY21HEP1tDeq6cSbsDaCrrQA==",
      "dependencies": {
        "get-days-to-go": "^4.0.0"
      }
    },
    "node_modules/get-days-to-go/node_modules/get-days-to-go/node_modules/get-days-to-go": {
      "version": "4.1.0",
      "resolved": "https://registry.npmjs.org/get-days-to-go/-/get-days-to-go-4.1.0.tgz",
      "integrity": "sha512-nlcwoBhp/BkngO0Bu/OXuvt1VVdfHzeFHpcA+PEFW4uwpl9cBInqRdOHWeQf4cvT97cp2VQgj7aX04dTnUCkWg==",
      "dependencies": {
        "get-days-to-go": "^4.0.0"
      }
    }
  },
  "dependencies": {
    "get-days-to-go": {
      "version": "6.0.0",
      "resolved": "https://registry.npmjs.org/get-days-to-go/-/get-days-to-go-6.0.0.tgz",
      "integrity": "sha512-VcAxA8ENGDWWjTP0bZNN8JIwkyDrJFP7CzPiINMMM5ir5jtAXHq/UcTMfKghWSmbi7UFF2Vo3qr+UZ/bqdQptA==",
      "requires": {
        "get-days-to-go": "^5.0.0"
      },
      "dependencies": {
        "get-days-to-go": {
          "version": "5.0.0",
          "resolved": "https://registry.npmjs.org/get-days-to-go/-/get-days-to-go-5.0.0.tgz",
          "integrity": "sha512-vPK6xj1R2hwvIFk874KAYjslLCxWbc1f3UnvNu9fwkRIucMLlWeDdkEYtrqPY8xY21HEP1tDeq6cSbsDaCrrQA==",
          "requires": {
            "get-days-to-go": "^4.0.0"
          },
          "dependencies": {
            "get-days-to-go": {
              "version": "4.1.0",
              "resolved": "https://registry.npmjs.org/get-days-to-go/-/get-days-to-go-4.1.0.tgz",
              "integrity": "sha512-nlcwoBhp/BkngO0Bu/OXuvt1VVdfHzeFHpcA+PEFW4uwpl9cBInqRdOHWeQf4cvT97cp2VQgj7aX04dTnUCkWg==",
              "requires": {
                "get-days-to-go": "^4.0.0"
              }
            }
          }
        }
      }
    }
  }
}
